{
  "name": "renovate_tutorial",
  "version": "0.0.1",
  "lockfileVersion": 3,
  "requires": true,
  "packages": {
    "": {
      "name": "renovate_tutorial",
      "version": "0.0.1",
      "license": "Apache-2.0",
      "dependencies": {
        "@date-io/date-fns": "2.10.0",
        "@date-io/moment": "3.2.0",
        "commander": "14.0.3",
        "lodash": "4.18.1"
      }
    },
    "node_modules/@babel/runtime": {
      "version": "7.29.7",
      "resolved": "https://registry.npmjs.org/@babel/runtime/-/runtime-7.29.7.tgz",
      "integrity": "sha512-Nq8OhGWiZIZGV6hLHoyAKLLcJihP/xFeBMGJoUrxTX2psI8dCifzLhZISFb+VWS3wFMRDmCGw5R+dOySCqPLhw==",
      "license": "MIT",
      "peer": true,
      "engines": {
        "node": ">=6.9.0"
      }
    },
    "node_modules/@date-io/core": {
      "version": "2.17.0",
      "resolved": "https://registry.npmjs.org/@date-io/core/-/core-2.17.0.tgz",
      "integrity": "sha512-+EQE8xZhRM/hsY0CDTVyayMDDY5ihc4MqXCrPxooKw19yAzUIC6uUqsZeaOFNL9YKTNxYKrJP5DFgE8o5xRCOw==",
      "license": "MIT"
    },
    "node_modules/@date-io/date-fns": {
      "version": "2.10.0",
      "resolved": "https://registry.npmjs.org/@date-io/date-fns/-/date-fns-2.10.0.tgz",
      "integrity": "sha512-PxskpYmDAoL4BBGanoVD4SwhpMNFcVZFB8V2W7KATxgQ4m6Koy5FK9Qe1nKp8j9BERW310GT3sdERdNCXq8vuQ==",
      "license": "MIT",
      "dependencies": {
        "@date-io/core": "^2.10.0"
      },
      "peerDependencies": {
        "date-fns": "^2.0.0"
      }
    },
    "node_modules/@date-io/moment": {
      "version": "3.2.0",
      "resolved": "https://registry.npmjs.org/@date-io/moment/-/moment-3.2.0.tgz",
      "integrity": "sha512-/Tm+/VGvM0cOxvBeft2ZDw/xkdDRqBj2mxqGJz1TqbVpbDgfvq0tTCe/v3iSRJSHlY48lkWRO6LM/yoxBvUNpA==",
      "license": "MIT",
      "dependencies": {
        "@date-io/core": "^3.2.0"
      },
      "peerDependencies": {
        "moment": "^2.24.0"
      },
      "peerDependenciesMeta": {
        "moment": {
          "optional": true
        }
      }
    },
    "node_modules/@date-io/moment/node_modules/@date-io/core": {
      "version": "3.2.0",
      "resolved": "https://registry.npmjs.org/@date-io/core/-/core-3.2.0.tgz",
      "integrity": "sha512-hqwXvY8/YBsT9RwQITG868ZNb1MVFFkF7W1Ecv4P472j/ZWa7EFcgSmxy8PUElNVZfvhdvfv+a8j6NWJqOX5mA==",
      "license": "MIT"
    },
    "node_modules/commander": {
      "version": "14.0.3",
      "resolved": "https://registry.npmjs.org/commander/-/commander-14.0.3.tgz",
      "integrity": "sha512-H+y0Jo/T1RZ9qPP4Eh1pkcQcLRglraJaSLoyOtHxu6AapkjWVCy2Sit1QQ4x3Dng8qDlSsZEet7g5Pq06MvTgw==",
      "license": "MIT",
      "engines": {
        "node": ">=20"
      }
    },
    "node_modules/date-fns": {
      "version": "2.30.0",
      "resolved": "https://registry.npmjs.org/date-fns/-/date-fns-2.30.0.tgz",
      "integrity": "sha512-fnULvOpxnC5/Vg3NCiWelDsLiUc9bRwAPs/+LfTLNvetFCtCTN+yQz15C/fs4AwX1R9K5GLtLfn8QW+dWisaAw==",
      "license": "MIT",
      "peer": true,
      "dependencies": {
        "@babel/runtime": "^7.21.0"
      },
      "engines": {
        "node": ">=0.11"
      },
      "funding": {
        "type": "opencollective",
        "url": "https://opencollective.com/date-fns"
      }
    },
    "node_modules/lodash": {
      "version": "4.18.1",
      "resolved": "https://registry.npmjs.org/lodash/-/lodash-4.18.1.tgz",
      "integrity": "sha512-dMInicTPVE8d1e5otfwmmjlxkZoUpiVLwyeTdUsi/Caj/gfzzblBcCE5sRHV/AsjuCmxWrte2TNGSYuCeCq+0Q==",
      "license": "MIT"
    }
  }
}
